
Microsoft Visual Studio Solution File, Format Version 12.00
# Visual Studio Version 17
VisualStudioVersion = 17.9.34728.123
MinimumVisualStudioVersion = 10.0.40219.1
Project("{9A19103F-16F7-4668-BE54-9A1E7A4F7556}") = "ProyectoEstanzuelaZacapa", "ProyectoEstanzuelaZacapa.csproj", "{A3492E1B-06FC-41F8-96A6-A4DEB202A7B3}"
EndProject
Global
	GlobalSection(SolutionConfigurationPlatforms) = preSolution
		Debug|Any CPU = Debug|Any CPU
		Release|Any CPU = Release|Any CPU
	EndGlobalSection
	GlobalSection(ProjectConfigurationPlatforms) = postSolution
		{A3492E1B-06FC-41F8-96A6-A4DEB202A7B3}.Debug|Any CPU.ActiveCfg = Debug|Any CPU
		{A3492E1B-06FC-41F8-96A6-A4DEB202A7B3}.Debug|Any CPU.Build.0 = Debug|Any CPU
		{A3492E1B-06FC-41F8-96A6-A4DEB202A7B3}.Debug|Any CPU.Deploy.0 = Debug|Any CPU
		{A3492E1B-06FC-41F8-96A6-A4DEB202A7B3}.Release|Any CPU.ActiveCfg = Release|Any CPU
		{A3492E1B-06FC-41F8-96A6-A4DEB202A7B3}.Release|Any CPU.Build.0 = Release|Any CPU
		{A3492E1B-06FC-41F8-96A6-A4DEB202A7B3}.Release|Any CPU.Deploy.0 = Release|Any CPU
	EndGlobalSection
	GlobalSection(SolutionProperties) = preSolution
		HideSolutionNode = FALSE
	EndGlobalSection
	GlobalSection(ExtensibilityGlobals) = postSolution
		SolutionGuid = {827039A3-BD42-4A31-9508-92E4D95F6FBC}
	EndGlobalSection
EndGlobal
